
Microsoft Visual Studio Solution File, Format Version 12.00
# Visual Studio Version 17
VisualStudioVersion = 17.5.33424.131
MinimumVisualStudioVersion = 10.0.40219.1
Project("{9A19103F-16F7-4668-BE54-9A1E7A4F7556}") = "Stardew.Tasks", "Stardew.Tasks\Stardew.Tasks.csproj", "{1228402F-8E01-434C-8E27-F0A61F35E770}"
EndProject
Project("{9A19103F-16F7-4668-BE54-9A1E7A4F7556}") = "Stardew.Tasks.Tests", "Stardew.Tasks.Tests\Stardew.Tasks.Tests.csproj", "{8992D61F-033C-4DEE-BEB2-0596022BE0D0}"
EndProject
Project("{9A19103F-16F7-4668-BE54-9A1E7A4F7556}") = "Stardew.Tasks.Tests.TestMod", "Stardew.Tasks.Tests.TestMod\Stardew.Tasks.Tests.TestMod.csproj", "{C6591F09-8288-4BD4-99C3-74BC365C667E}"
EndProject
Global
	GlobalSection(SolutionConfigurationPlatforms) = preSolution
		Debug|Any CPU = Debug|Any CPU
		Release|Any CPU = Release|Any CPU
	EndGlobalSection
	GlobalSection(ProjectConfigurationPlatforms) = postSolution
		{1228402F-8E01-434C-8E27-F0A61F35E770}.Debug|Any CPU.ActiveCfg = Debug|Any CPU
		{1228402F-8E01-434C-8E27-F0A61F35E770}.Debug|Any CPU.Build.0 = Debug|Any CPU
		{1228402F-8E01-434C-8E27-F0A61F35E770}.Release|Any CPU.ActiveCfg = Release|Any CPU
		{1228402F-8E01-434C-8E27-F0A61F35E770}.Release|Any CPU.Build.0 = Release|Any CPU
		{8992D61F-033C-4DEE-BEB2-0596022BE0D0}.Debug|Any CPU.ActiveCfg = Debug|Any CPU
		{8992D61F-033C-4DEE-BEB2-0596022BE0D0}.Debug|Any CPU.Build.0 = Debug|Any CPU
		{8992D61F-033C-4DEE-BEB2-0596022BE0D0}.Release|Any CPU.ActiveCfg = Release|Any CPU
		{8992D61F-033C-4DEE-BEB2-0596022BE0D0}.Release|Any CPU.Build.0 = Release|Any CPU
		{C6591F09-8288-4BD4-99C3-74BC365C667E}.Debug|Any CPU.ActiveCfg = Debug|Any CPU
		{C6591F09-8288-4BD4-99C3-74BC365C667E}.Debug|Any CPU.Build.0 = Debug|Any CPU
		{C6591F09-8288-4BD4-99C3-74BC365C667E}.Release|Any CPU.ActiveCfg = Release|Any CPU
		{C6591F09-8288-4BD4-99C3-74BC365C667E}.Release|Any CPU.Build.0 = Release|Any CPU
	EndGlobalSection
	GlobalSection(SolutionProperties) = preSolution
		HideSolutionNode = FALSE
	EndGlobalSection
	GlobalSection(ExtensibilityGlobals) = postSolution
		SolutionGuid = {5016AFF5-7165-404E-B20B-41F54349014E}
	EndGlobalSection
EndGlobal
